{
    "_meta": {
        "hash": {
            "sha256": "88bd781060095612b92c97b7cbbc4857c7606d7962497496d5deefc1b45a9ce5"
        },
        "pipfile-spec": 6,
        "requires": {
            "python_version": "3.8"
        },
        "sources": [
            {
                "name": "pypi",
                "url": "https://pypi.org/simple",
                "verify_ssl": true
            }
        ]
    },
    "default": {},
    "develop": {}
}
